# THIS IS AN AUTOGENERATED FILE. DO NOT EDIT THIS FILE DIRECTLY.
# yarn lockfile v1


babel-runtime@^6.26.0:
  version "6.26.0"
  resolved "https://registry.yarnpkg.com/babel-runtime/-/babel-runtime-6.26.0.tgz#965c7058668e82b55d7bfe04ff2337bc8b5647fe"
  dependencies:
    core-js "^2.4.0"
    regenerator-runtime "^0.11.0"

clipboard@^2.0.0:
  version "2.0.6"
  resolved "https://registry.yarnpkg.com/clipboard/-/clipboard-2.0.6.tgz#52921296eec0fdf77ead1749421b21c968647376"
  dependencies:
    good-listener "^1.2.2"
    select "^1.1.2"
    tiny-emitter "^2.0.0"

core-js@^2.4.0:
  version "2.5.3"
  resolved "https://registry.yarnpkg.com/core-js/-/core-js-2.5.3.tgz#8acc38345824f16d8365b7c9b4259168e8ed603e"

delegate@^3.1.2:
  version "3.2.0"
  resolved "https://registry.yarnpkg.com/delegate/-/delegate-3.2.0.tgz#b66b71c3158522e8ab5744f720d8ca0c2af59166"

gatsby-remark-prismjs@^1.2.17:
  version "1.2.17"
  resolved "https://registry.yarnpkg.com/gatsby-remark-prismjs/-/gatsby-remark-prismjs-1.2.17.tgz#86ab9dccd6f0952182c4d36cb9290effee6d5dee"
  dependencies:
    babel-runtime "^6.26.0"
    parse-numeric-range "0.0.2"
    prismjs "^1.11.0"
    unist-util-visit "^1.3.0"

good-listener@^1.2.2:
  version "1.2.2"
  resolved "https://registry.yarnpkg.com/good-listener/-/good-listener-1.2.2.tgz#d53b30cdf9313dffb7dc9a0d477096aa6d145c50"
  dependencies:
    delegate "^3.1.2"

parse-numeric-range@0.0.2:
  version "0.0.2"
  resolved "https://registry.yarnpkg.com/parse-numeric-range/-/parse-numeric-range-0.0.2.tgz#b4f09d413c7adbcd987f6e9233c7b4b210c938e4"

prismjs@^1.11.0:
  version "1.21.0"
  resolved "https://registry.yarnpkg.com/prismjs/-/prismjs-1.21.0.tgz#36c086ec36b45319ec4218ee164c110f9fc015a3"
  optionalDependencies:
    clipboard "^2.0.0"

regenerator-runtime@^0.11.0:
  version "0.11.1"
  resolved "https://registry.yarnpkg.com/regenerator-runtime/-/regenerator-runtime-0.11.1.tgz#be05ad7f9bf7d22e056f9726cee5017fbf19e2e9"

select@^1.1.2:
  version "1.1.2"
  resolved "https://registry.yarnpkg.com/select/-/select-1.1.2.tgz#0e7350acdec80b1108528786ec1d4418d11b396d"

tiny-emitter@^2.0.0:
  version "2.1.0"
  resolved "https://registry.yarnpkg.com/tiny-emitter/-/tiny-emitter-2.1.0.tgz#1d1a56edfc51c43e863cbb5382a72330e3555423"

unist-util-is@^2.1.1:
  version "2.1.1"
  resolved "https://registry.yarnpkg.com/unist-util-is/-/unist-util-is-2.1.1.tgz#0c312629e3f960c66e931e812d3d80e77010947b"

unist-util-visit@^1.3.0:
  version "1.3.0"
  resolved "https://registry.yarnpkg.com/unist-util-visit/-/unist-util-visit-1.3.0.tgz#41ca7c82981fd1ce6c762aac397fc24e35711444"
  dependencies:
    unist-util-is "^2.1.1"
